
Microsoft Visual Studio Solution File, Format Version 12.00
# Visual Studio Version 17
VisualStudioVersion = 17.8.34330.188
MinimumVisualStudioVersion = 10.0.40219.1
Project("{FAE04EC0-301F-11D3-BF4B-00C04F79EFBC}") = "WrFunctions", "WrFunctions.csproj", "{03CBE156-B0F2-4C87-AFCA-543F648F5588}"
EndProject
Global
	GlobalSection(SolutionConfigurationPlatforms) = preSolution
		Debug|Any CPU = Debug|Any CPU
		Release|Any CPU = Release|Any CPU
	EndGlobalSection
	GlobalSection(ProjectConfigurationPlatforms) = postSolution
		{03CBE156-B0F2-4C87-AFCA-543F648F5588}.Debug|Any CPU.ActiveCfg = Debug|Any CPU
		{03CBE156-B0F2-4C87-AFCA-543F648F5588}.Debug|Any CPU.Build.0 = Debug|Any CPU
		{03CBE156-B0F2-4C87-AFCA-543F648F5588}.Release|Any CPU.ActiveCfg = Release|Any CPU
		{03CBE156-B0F2-4C87-AFCA-543F648F5588}.Release|Any CPU.Build.0 = Release|Any CPU
	EndGlobalSection
	GlobalSection(SolutionProperties) = preSolution
		HideSolutionNode = FALSE
	EndGlobalSection
	GlobalSection(ExtensibilityGlobals) = postSolution
		SolutionGuid = {60D9084F-A389-4BC6-B9BD-81C123612EA7}
	EndGlobalSection
EndGlobal
