
Microsoft Visual Studio Solution File, Format Version 12.00
# Visual Studio Version 17
VisualStudioVersion = 17.8.34408.163
MinimumVisualStudioVersion = 10.0.40219.1
Project("{FAE04EC0-301F-11D3-BF4B-00C04F79EFBC}") = "Generics", "Generics.csproj", "{94DF04FA-21B7-4EF0-9469-85A7CF970CBA}"
EndProject
Global
	GlobalSection(SolutionConfigurationPlatforms) = preSolution
		Debug|Any CPU = Debug|Any CPU
		Release|Any CPU = Release|Any CPU
	EndGlobalSection
	GlobalSection(ProjectConfigurationPlatforms) = postSolution
		{94DF04FA-21B7-4EF0-9469-85A7CF970CBA}.Debug|Any CPU.ActiveCfg = Debug|Any CPU
		{94DF04FA-21B7-4EF0-9469-85A7CF970CBA}.Debug|Any CPU.Build.0 = Debug|Any CPU
		{94DF04FA-21B7-4EF0-9469-85A7CF970CBA}.Release|Any CPU.ActiveCfg = Release|Any CPU
		{94DF04FA-21B7-4EF0-9469-85A7CF970CBA}.Release|Any CPU.Build.0 = Release|Any CPU
	EndGlobalSection
	GlobalSection(SolutionProperties) = preSolution
		HideSolutionNode = FALSE
	EndGlobalSection
	GlobalSection(ExtensibilityGlobals) = postSolution
		SolutionGuid = {7CB8BBD4-DB94-4ABB-BFA6-DA4659994AE3}
	EndGlobalSection
EndGlobal
